// !$*UTF8*$!
{
	archiveVersion = 1;
	classes = {
	};
	objectVersion = 46;
	objects = {

/* Begin PBXBuildFile section */
		C75A11871B98CF2B0051981F /* main.m in Sources */ = {isa = PBXBuildFile; fileRef = C75A11861B98CF2B0051981F /* main.m */; };
		C75A118A1B98CF2B0051981F /* AppDelegate.m in Sources */ = {isa = PBXBuildFile; fileRef = C75A11891B98CF2B0051981F /* AppDelegate.m */; };
		C75A118D1B98CF2B0051981F /* ViewController.m in Sources */ = {isa = PBXBuildFile; fileRef = C75A118C1B98CF2B0051981F /* ViewController.m */; };
		C75A11901B98CF2B0051981F /* Main.storyboard in Resources */ = {isa = PBXBuildFile; fileRef = C75A118E1B98CF2B0051981F /* Main.storyboard */; };
		C75A11921B98CF2B0051981F /* Assets.xcassets in Resources */ = {isa = PBXBuildFile; fileRef = C75A11911B98CF2B0051981F /* Assets.xcassets */; };
		C75A11951B98CF2B0051981F /* LaunchScreen.storyboard in Resources */ = {isa = PBXBuildFile; fileRef = C75A11931B98CF2B0051981F /* LaunchScreen.storyboard */; };
/* End PBXBuildFile section */

/* Begin PBXFileReference section */
		C75A11821B98CF2B0051981F /* FastestRPM.app */ = {isa = PBXFileReference; explicitFileType = wrapper.application; includeInIndex = 0; path = FastestRPM.app; sourceTree = BUILT_PRODUCTS_DIR; };
		C75A11861B98CF2B0051981F /* main.m */ = {isa = PBXFileReference; lastKnownFileType = sourcecode.c.objc; path = main.m; sourceTree = "<group>"; };
		C75A11881B98CF2B0051981F /* AppDelegate.h */ = {isa = PBXFileReference; lastKnownFileType = sourcecode.c.h; path = AppDelegate.h; sourceTree = "<group>"; };
		C75A11891B98CF2B0051981F /* AppDelegate.m */ = {isa = PBXFileReference; lastKnownFileType = sourcecode.c.objc; path = AppDelegate.m; sourceTree = "<group>"; };
		C75A118B1B98CF2B0051981F /* ViewController.h */ = {isa = PBXFileReference; lastKnownFileType = sourcecode.c.h; path = ViewController.h; sourceTree = "<group>"; };
		C75A118C1B98CF2B0051981F /* ViewController.m */ = {isa = PBXFileReference; lastKnownFileType = sourcecode.c.objc; path = ViewController.m; sourceTree = "<group>"; };
		C75A118F1B98CF2B0051981F /* Base */ = {isa = PBXFileReference; lastKnownFileType = file.storyboard; name = Base; path = Base.lproj/Main.storyboard; sourceTree = "<group>"; };
		C75A11911B98CF2B0051981F /* Assets.xcassets */ = {isa = PBXFileReference; lastKnownFileType = folder.assetcatalog; path = Assets.xcassets; sourceTree = "<group>"; };
		C75A11941B98CF2B0051981F /* Base */ = {isa = PBXFileReference; lastKnownFileType = file.storyboard; name = Base; path = Base.lproj/LaunchScreen.storyboard; sourceTree = "<group>"; };
		C75A11961B98CF2B0051981F /* Info.plist */ = {isa = PBXFileReference; lastKnownFileType = text.plist.xml; path = Info.plist; sourceTree = "<group>"; };
/* End PBXFileReference section */

/* Begin PBXFrameworksBuildPhase section */
		C75A117F1B98CF2B0051981F /* Frameworks */ = {
			isa = PBXFrameworksBuildPhase;
			buildActionMask = 2147483647;
			files = (
			);
			runOnlyForDeploymentPostprocessing = 0;
		};
/* End PBXFrameworksBuildPhase section */

/* Begin PBXGroup section */
		C75A11791B98CF2B0051981F = {
			isa = PBXGroup;
			children = (
				C75A11841B98CF2B0051981F /* FastestRPM */,
				C75A11831B98CF2B0051981F /* Products */,
			);
			sourceTree = "<group>";
		};
		C75A11831B98CF2B0051981F /* Products */ = {
			isa = PBXGroup;
			children = (
				C75A11821B98CF2B0051981F /* FastestRPM.app */,
			);
			name = Products;
			sourceTree = "<group>";
		};
		C75A11841B98CF2B0051981F /* FastestRPM */ = {
			isa = PBXGroup;
			children = (
				C75A11881B98CF2B0051981F /* AppDelegate.h */,
				C75A11891B98CF2B0051981F /* AppDelegate.m */,
				C75A118B1B98CF2B0051981F /* ViewController.h */,
				C75A118C1B98CF2B0051981F /* ViewController.m */,
				C75A118E1B98CF2B0051981F /* Main.storyboard */,
				C75A11911B98CF2B0051981F /* Assets.xcassets */,
				C75A11931B98CF2B0051981F /* LaunchScreen.storyboard */,
				C75A11961B98CF2B0051981F /* Info.plist */,
				C75A11851B98CF2B0051981F /* Supporting Files */,
			);
			path = FastestRPM;
			sourceTree = "<group>";
		};
		C75A11851B98CF2B0051981F /* Supporting Files */ = {
			isa = PBXGroup;
			children = (
				C75A11861B98CF2B0051981F /* main.m */,
			);
			name = "Supporting Files";
			sourceTree = "<group>";
		};
/* End PBXGroup section */

/* Begin PBXNativeTarget section */
		C75A11811B98CF2B0051981F /* FastestRPM */ = {
			isa = PBXNativeTarget;
			buildConfigurationList = C75A11991B98CF2B0051981F /* Build configuration list for PBXNativeTarget "FastestRPM" */;
			buildPhases = (
				C75A117E1B98CF2B0051981F /* Sources */,
				C75A117F1B98CF2B0051981F /* Frameworks */,
				C75A11801B98CF2B0051981F /* Resources */,
			);
			buildRules = (
			);
			dependencies = (
			);
			name = FastestRPM;
			productName = FastestRPM;
			productReference = C75A11821B98CF2B0051981F /* FastestRPM.app */;
			productType = "com.apple.product-type.application";
		};
/* End PBXNativeTarget section */

/* Begin PBXProject section */
		C75A117A1B98CF2B0051981F /* Project object */ = {
			isa = PBXProject;
			attributes = {
				LastUpgradeCheck = 0700;
				ORGANIZATIONNAME = "Alp Eren Can";
				TargetAttributes = {
					C75A11811B98CF2B0051981F = {
						CreatedOnToolsVersion = 7.0;
					};
				};
			};
			buildConfigurationList = C75A117D1B98CF2B0051981F /* Build configuration list for PBXProject "FastestRPM" */;
			compatibilityVersion = "Xcode 3.2";
			developmentRegion = English;
			hasScannedForEncodings = 0;
			knownRegions = (
				en,
				Base,
			);
			mainGroup = C75A11791B98CF2B0051981F;
			productRefGroup = C75A11831B98CF2B0051981F /* Products */;
			projectDirPath = "";
			projectRoot = "";
			targets = (
				C75A11811B98CF2B0051981F /* FastestRPM */,
			);
		};
/* End PBXProject section */

/* Begin PBXResourcesBuildPhase section */
		C75A11801B98CF2B0051981F /* Resources */ = {
			isa = PBXResourcesBuildPhase;
			buildActionMask = 2147483647;
			files = (
				C75A11951B98CF2B0051981F /* LaunchScreen.storyboard in Resources */,
				C75A11921B98CF2B0051981F /* Assets.xcassets in Resources */,
				C75A11901B98CF2B0051981F /* Main.storyboard in Resources */,
			);
			runOnlyForDeploymentPostprocessing = 0;
		};
/* End PBXResourcesBuildPhase section */

/* Begin PBXSourcesBuildPhase section */
		C75A117E1B98CF2B0051981F /* Sources */ = {
			isa = PBXSourcesBuildPhase;
			buildActionMask = 2147483647;
			files = (
				C75A118D1B98CF2B0051981F /* ViewController.m in Sources */,
				C75A118A1B98CF2B0051981F /* AppDelegate.m in Sources */,
				C75A11871B98CF2B0051981F /* main.m in Sources */,
			);
			runOnlyForDeploymentPostprocessing = 0;
		};
/* End PBXSourcesBuildPhase section */

/* Begin PBXVariantGroup section */
		C75A118E1B98CF2B0051981F /* Main.storyboard */ = {
			isa = PBXVariantGroup;
			children = (
				C75A118F1B98CF2B0051981F /* Base */,
			);
			name = Main.storyboard;
			sourceTree = "<group>";
		};
		C75A11931B98CF2B0051981F /* LaunchScreen.storyboard */ = {
			isa = PBXVariantGroup;
			children = (
				C75A11941B98CF2B0051981F /* Base */,
			);
			name = LaunchScreen.storyboard;
			sourceTree = "<group>";
		};
/* End PBXVariantGroup section */

/* Begin XCBuildConfiguration section */
		C75A11971B98CF2B0051981F /* Debug */ = {
			isa = XCBuildConfiguration;
			buildSettings = {
				ALWAYS_SEARCH_USER_PATHS = NO;
				CLANG_CXX_LANGUAGE_STANDARD = "gnu++0x";
				CLANG_CXX_LIBRARY = "libc++";
				CLANG_ENABLE_MODULES = YES;
				CLANG_ENABLE_OBJC_ARC = YES;
				CLANG_WARN_BOOL_CONVERSION = YES;
				CLANG_WARN_CONSTANT_CONVERSION = YES;
				CLANG_WARN_DIRECT_OBJC_ISA_USAGE = YES_ERROR;
				CLANG_WARN_EMPTY_BODY = YES;
				CLANG_WARN_ENUM_CONVERSION = YES;
				CLANG_WARN_INT_CONVERSION = YES;
				CLANG_WARN_OBJC_ROOT_CLASS = YES_ERROR;
				CLANG_WARN_UNREACHABLE_CODE = YES;
				CLANG_WARN__DUPLICATE_METHOD_MATCH = YES;
				"CODE_SIGN_IDENTITY[sdk=iphoneos*]" = "iPhone Developer";
				COPY_PHASE_STRIP = NO;
				DEBUG_INFORMATION_FORMAT = dwarf;
				ENABLE_STRICT_OBJC_MSGSEND = YES;
				ENABLE_TESTABILITY = YES;
				GCC_C_LANGUAGE_STANDARD = gnu99;
				GCC_DYNAMIC_NO_PIC = NO;
				GCC_NO_COMMON_BLOCKS = YES;
				GCC_OPTIMIZATION_LEVEL = 0;
				GCC_PREPROCESSOR_DEFINITIONS = (
					"DEBUG=1",
					"$(inherited)",
				);
				GCC_WARN_64_TO_32_BIT_CONVERSION = YES;
				GCC_WARN_ABOUT_RETURN_TYPE = YES_ERROR;
				GCC_WARN_UNDECLARED_SELECTOR = YES;
				GCC_WARN_UNINITIALIZED_AUTOS = YES_AGGRESSIVE;
				GCC_WARN_UNUSED_FUNCTION = YES;
				GCC_WARN_UNUSED_VARIABLE = YES;
				IPHONEOS_DEPLOYMENT_TARGET = 9.0;
				MTL_ENABLE_DEBUG_INFO = YES;
				ONLY_ACTIVE_ARCH = YES;
				SDKROOT = iphoneos;
				TARGETED_DEVICE_FAMILY = "1,2";
			};
			name = Debug;
		};
		C75A11981B98CF2B0051981F /* Release */ = {
			isa = XCBuildConfiguration;
			buildSettings = {
				ALWAYS_SEARCH_USER_PATHS = NO;
				CLANG_CXX_LANGUAGE_STANDARD = "gnu++0x";
				CLANG_CXX_LIBRARY = "libc++";
				CLANG_ENABLE_MODULES = YES;
				CLANG_ENABLE_OBJC_ARC = YES;
				CLANG_WARN_BOOL_CONVERSION = YES;
				CLANG_WARN_CONSTANT_CONVERSION = YES;
				CLANG_WARN_DIRECT_OBJC_ISA_USAGE = YES_ERROR;
				CLANG_WARN_EMPTY_BODY = YES;
				CLANG_WARN_ENUM_CONVERSION = YES;
				CLANG_WARN_INT_CONVERSION = YES;
				CLANG_WARN_OBJC_ROOT_CLASS = YES_ERROR;
				CLANG_WARN_UNREACHABLE_CODE = YES;
				CLANG_WARN__DUPLICATE_METHOD_MATCH = YES;
				"CODE_SIGN_IDENTITY[sdk=iphoneos*]" = "iPhone Developer";
				COPY_PHASE_STRIP = NO;
				DEBUG_INFORMATION_FORMAT = "dwarf-with-dsym";
				ENABLE_NS_ASSERTIONS = NO;
				ENABLE_STRICT_OBJC_MSGSEND = YES;
				GCC_C_LANGUAGE_STANDARD = gnu99;
				GCC_NO_COMMON_BLOCKS = YES;
				GCC_WARN_64_TO_32_BIT_CONVERSION = YES;
				GCC_WARN_ABOUT_RETURN_TYPE = YES_ERROR;
				GCC_WARN_UNDECLARED_SELECTOR = YES;
				GCC_WARN_UNINITIALIZED_AUTOS = YES_AGGRESSIVE;
				GCC_WARN_UNUSED_FUNCTION = YES;
				GCC_WARN_UNUSED_VARIABLE = YES;
				IPHONEOS_DEPLOYMENT_TARGET = 9.0;
				MTL_ENABLE_DEBUG_INFO = NO;
				SDKROOT = iphoneos;
				TARGETED_DEVICE_FAMILY = "1,2";
				VALIDATE_PRODUCT = YES;
			};
			name = Release;
		};
		C75A119A1B98CF2B0051981F /* Debug */ = {
			isa = XCBuildConfiguration;
			buildSettings = {
				ASSETCATALOG_COMPILER_APPICON_NAME = AppIcon;
				INFOPLIST_FILE = FastestRPM/Info.plist;
				LD_RUNPATH_SEARCH_PATHS = "$(inherited) @executable_path/Frameworks";
				PRODUCT_BUNDLE_IDENTIFIER = com.alperencan.FastestRPM;
				PRODUCT_NAME = "$(TARGET_NAME)";
			};
			name = Debug;
		};
		C75A119B1B98CF2B0051981F /* Release */ = {
			isa = XCBuildConfiguration;
			buildSettings = {
				ASSETCATALOG_COMPILER_APPICON_NAME = AppIcon;
				INFOPLIST_FILE = FastestRPM/Info.plist;
				LD_RUNPATH_SEARCH_PATHS = "$(inherited) @executable_path/Frameworks";
				PRODUCT_BUNDLE_IDENTIFIER = com.alperencan.FastestRPM;
				PRODUCT_NAME = "$(TARGET_NAME)";
			};
			name = Release;
		};
/* End XCBuildConfiguration section */

/* Begin XCConfigurationList section */
		C75A117D1B98CF2B0051981F /* Build configuration list for PBXProject "FastestRPM" */ = {
			isa = XCConfigurationList;
			buildConfigurations = (
				C75A11971B98CF2B0051981F /* Debug */,
				C75A11981B98CF2B0051981F /* Release */,
			);
			defaultConfigurationIsVisible = 0;
			defaultConfigurationName = Release;
		};
		C75A11991B98CF2B0051981F /* Build configuration list for PBXNativeTarget "FastestRPM" */ = {
			isa = XCConfigurationList;
			buildConfigurations = (
				C75A119A1B98CF2B0051981F /* Debug */,
				C75A119B1B98CF2B0051981F /* Release */,
			);
			defaultConfigurationIsVisible = 0;
		};
/* End XCConfigurationList section */
	};
	rootObject = C75A117A1B98CF2B0051981F /* Project object */;
}
